
Microsoft Visual Studio Solution File, Format Version 12.00
# Visual Studio 15
VisualStudioVersion = 15.0.27703.2018
MinimumVisualStudioVersion = 10.0.40219.1
Project("{FAE04EC0-301F-11D3-BF4B-00C04F79EFBC}") = "DemoDockerWebApplication", "DemoDockerWebApplication\DemoDockerWebApplication.csproj", "{0864D00F-3229-4E30-9D3F-ED1D3B53EF20}"
EndProject
Project("{E53339B2-1760-4266-BCC7-CA923CBCF16C}") = "docker-compose", "docker-compose.dcproj", "{3D42EC23-F129-4439-8E65-FD61D920F9FB}"
EndProject
Global
	GlobalSection(SolutionConfigurationPlatforms) = preSolution
		Debug|Any CPU = Debug|Any CPU
		Release|Any CPU = Release|Any CPU
	EndGlobalSection
	GlobalSection(ProjectConfigurationPlatforms) = postSolution
		{0864D00F-3229-4E30-9D3F-ED1D3B53EF20}.Debug|Any CPU.ActiveCfg = Debug|Any CPU
		{0864D00F-3229-4E30-9D3F-ED1D3B53EF20}.Debug|Any CPU.Build.0 = Debug|Any CPU
		{0864D00F-3229-4E30-9D3F-ED1D3B53EF20}.Release|Any CPU.ActiveCfg = Release|Any CPU
		{0864D00F-3229-4E30-9D3F-ED1D3B53EF20}.Release|Any CPU.Build.0 = Release|Any CPU
		{3D42EC23-F129-4439-8E65-FD61D920F9FB}.Debug|Any CPU.ActiveCfg = Debug|Any CPU
		{3D42EC23-F129-4439-8E65-FD61D920F9FB}.Debug|Any CPU.Build.0 = Debug|Any CPU
		{3D42EC23-F129-4439-8E65-FD61D920F9FB}.Release|Any CPU.ActiveCfg = Release|Any CPU
		{3D42EC23-F129-4439-8E65-FD61D920F9FB}.Release|Any CPU.Build.0 = Release|Any CPU
	EndGlobalSection
	GlobalSection(SolutionProperties) = preSolution
		HideSolutionNode = FALSE
	EndGlobalSection
	GlobalSection(ExtensibilityGlobals) = postSolution
		SolutionGuid = {91130A2C-6CD3-4EF1-91B6-02D6D0897B77}
	EndGlobalSection
EndGlobal
